
Microsoft Visual Studio Solution File, Format Version 12.00
# Visual Studio Version 16
VisualStudioVersion = 16.0.31424.327
MinimumVisualStudioVersion = 10.0.40219.1
Project("{FAE04EC0-301F-11D3-BF4B-00C04F79EFBC}") = "ProcessMonitorApp", "ProcessMonitorMain\ProcessMonitorApp.csproj", "{E36C34CA-FAF7-43A5-866D-D4450884BBDE}"
EndProject
Project("{9A19103F-16F7-4668-BE54-9A1E7A4F7556}") = "ProcessMonitorUnitTests", "ProcessMonitorUnitTests\ProcessMonitorUnitTests.csproj", "{AC62AF42-EFC5-4FB0-B534-9BE2A81A4974}"
EndProject
Global
	GlobalSection(SolutionConfigurationPlatforms) = preSolution
		Debug|Any CPU = Debug|Any CPU
		Release|Any CPU = Release|Any CPU
	EndGlobalSection
	GlobalSection(ProjectConfigurationPlatforms) = postSolution
		{E36C34CA-FAF7-43A5-866D-D4450884BBDE}.Debug|Any CPU.ActiveCfg = Debug|Any CPU
		{E36C34CA-FAF7-43A5-866D-D4450884BBDE}.Debug|Any CPU.Build.0 = Debug|Any CPU
		{E36C34CA-FAF7-43A5-866D-D4450884BBDE}.Release|Any CPU.ActiveCfg = Release|Any CPU
		{E36C34CA-FAF7-43A5-866D-D4450884BBDE}.Release|Any CPU.Build.0 = Release|Any CPU
		{AC62AF42-EFC5-4FB0-B534-9BE2A81A4974}.Debug|Any CPU.ActiveCfg = Debug|Any CPU
		{AC62AF42-EFC5-4FB0-B534-9BE2A81A4974}.Debug|Any CPU.Build.0 = Debug|Any CPU
		{AC62AF42-EFC5-4FB0-B534-9BE2A81A4974}.Release|Any CPU.ActiveCfg = Release|Any CPU
		{AC62AF42-EFC5-4FB0-B534-9BE2A81A4974}.Release|Any CPU.Build.0 = Release|Any CPU
	EndGlobalSection
	GlobalSection(SolutionProperties) = preSolution
		HideSolutionNode = FALSE
	EndGlobalSection
	GlobalSection(ExtensibilityGlobals) = postSolution
		SolutionGuid = {FBFD52FC-4E87-49EC-8FD6-0D504318FA81}
	EndGlobalSection
EndGlobal
